// !$*UTF8*$!
{
	archiveVersion = 1;
	classes = {
	};
	objectVersion = 48;
	objects = {

/* Begin PBXBuildFile section */
		1715CC3220410150002952BA /* Question.swift in Sources */ = {isa = PBXBuildFile; fileRef = 177CAAA4202942BB00B06F46 /* Question.swift */; };
		1715CC3320410150002952BA /* myCase.swift in Sources */ = {isa = PBXBuildFile; fileRef = 17A4FF7E202CEEEC00EC075A /* myCase.swift */; };
		1715CC3D20410151002952BA /* DataModel.xcdatamodeld in Sources */ = {isa = PBXBuildFile; fileRef = 1792F717202C12F2008176A0 /* DataModel.xcdatamodeld */; };
		1715CC3E20410151002952BA /* myHeaderView.swift in Sources */ = {isa = PBXBuildFile; fileRef = 177CAAA02029427100B06F46 /* myHeaderView.swift */; };
		1715CC3F20410151002952BA /* myHeaderView.xib in Sources */ = {isa = PBXBuildFile; fileRef = 177CAAA22029429700B06F46 /* myHeaderView.xib */; };
		1715CC4720410151002952BA /* Assets.xcassets in Sources */ = {isa = PBXBuildFile; fileRef = 17717E372025401C00CF3B82 /* Assets.xcassets */; };
		1715CC4820410151002952BA /* myCell.swift in Sources */ = {isa = PBXBuildFile; fileRef = 17717E4E20257A3E00CF3B82 /* myCell.swift */; };
		1715CC4920410151002952BA /* AppDelegate.swift in Sources */ = {isa = PBXBuildFile; fileRef = 17717E2D2025401C00CF3B82 /* AppDelegate.swift */; };
		1715CC4A20410151002952BA /* ViewController.swift in Sources */ = {isa = PBXBuildFile; fileRef = 17717E2F2025401C00CF3B82 /* ViewController.swift */; };
		1715CC4B20410151002952BA /* descriptionViewController.swift in Sources */ = {isa = PBXBuildFile; fileRef = 17FFFB18203FF14600C40983 /* descriptionViewController.swift */; };
		1715CC4C20410151002952BA /* teachersNoteViewController.swift in Sources */ = {isa = PBXBuildFile; fileRef = 17FFFB16203FE8B400C40983 /* teachersNoteViewController.swift */; };
		1715CC4D20410151002952BA /* checkAnsViewController.swift in Sources */ = {isa = PBXBuildFile; fileRef = 17BE1779203B5C16004B6F31 /* checkAnsViewController.swift */; };
		1715CC4E20410151002952BA /* checkQuestionViewController.swift in Sources */ = {isa = PBXBuildFile; fileRef = 173C9741202A1FA100C00A38 /* checkQuestionViewController.swift */; };
		1715CC4F20410151002952BA /* theCaseViewController.swift in Sources */ = {isa = PBXBuildFile; fileRef = 17087C692025D90B001B1CC6 /* theCaseViewController.swift */; };
		1715CC5020410151002952BA /* CaseViewController.swift in Sources */ = {isa = PBXBuildFile; fileRef = 17F176882025C595006FC4E3 /* CaseViewController.swift */; };
		1715CC5120410151002952BA /* CoreDataService.swift in Sources */ = {isa = PBXBuildFile; fileRef = 1792F760202C387D008176A0 /* CoreDataService.swift */; };
		1715CC5220410151002952BA /* Info.plist in Sources */ = {isa = PBXBuildFile; fileRef = 17717E3C2025401C00CF3B82 /* Info.plist */; };
		1715CC5320410151002952BA /* SWRevealViewController.h in Sources */ = {isa = PBXBuildFile; fileRef = 17717E432025406900CF3B82 /* SWRevealViewController.h */; };
		1715CC5420410151002952BA /* SWRevealViewController.m in Sources */ = {isa = PBXBuildFile; fileRef = 17717E442025406A00CF3B82 /* SWRevealViewController.m */; };
		1715CC5520410151002952BA /* Spectrum-Bridging-Header.h in Sources */ = {isa = PBXBuildFile; fileRef = 1745DB4D202F4C110027F5B4 /* Spectrum-Bridging-Header.h */; };
		1715CC5620410151002952BA /* ProgressViewController.swift in Sources */ = {isa = PBXBuildFile; fileRef = 17F1768A2025C5A8006FC4E3 /* ProgressViewController.swift */; };
		1715CC5920422CAC002952BA /* CoreDataController.swift in Sources */ = {isa = PBXBuildFile; fileRef = 1715CC5820422CAC002952BA /* CoreDataController.swift */; };
		1715CC5D20428689002952BA /* TeachersNoteEntity+CoreDataClass.swift in Sources */ = {isa = PBXBuildFile; fileRef = 1715CC5B20428689002952BA /* TeachersNoteEntity+CoreDataClass.swift */; };
		1715CC65204288E3002952BA /* CaseEntity+CoreDataClass.swift in Sources */ = {isa = PBXBuildFile; fileRef = 1715CC5F204288E3002952BA /* CaseEntity+CoreDataClass.swift */; };
		1715CC67204288E3002952BA /* OptionEntity+CoreDataClass.swift in Sources */ = {isa = PBXBuildFile; fileRef = 1715CC61204288E3002952BA /* OptionEntity+CoreDataClass.swift */; };
		1715CC69204288E3002952BA /* QuestionEntity+CoreDataClass.swift in Sources */ = {isa = PBXBuildFile; fileRef = 1715CC63204288E3002952BA /* QuestionEntity+CoreDataClass.swift */; };
		17717E332025401C00CF3B82 /* Main.storyboard in Resources */ = {isa = PBXBuildFile; fileRef = 17717E312025401C00CF3B82 /* Main.storyboard */; };
		17717E382025401C00CF3B82 /* Assets.xcassets in Resources */ = {isa = PBXBuildFile; fileRef = 17717E372025401C00CF3B82 /* Assets.xcassets */; };
		17717E3B2025401C00CF3B82 /* LaunchScreen.storyboard in Resources */ = {isa = PBXBuildFile; fileRef = 17717E392025401C00CF3B82 /* LaunchScreen.storyboard */; };
		177CAAA32029429700B06F46 /* myHeaderView.xib in Resources */ = {isa = PBXBuildFile; fileRef = 177CAAA22029429700B06F46 /* myHeaderView.xib */; };
		17F6BCD72043580D00D18CC2 /* serverController.swift in Sources */ = {isa = PBXBuildFile; fileRef = 17F6BCD62043580D00D18CC2 /* serverController.swift */; };
/* End PBXBuildFile section */

/* Begin PBXFileReference section */
		17087C692025D90B001B1CC6 /* theCaseViewController.swift */ = {isa = PBXFileReference; lastKnownFileType = sourcecode.swift; path = theCaseViewController.swift; sourceTree = "<group>"; };
		1715CC5820422CAC002952BA /* CoreDataController.swift */ = {isa = PBXFileReference; lastKnownFileType = sourcecode.swift; path = CoreDataController.swift; sourceTree = "<group>"; };
		1715CC5B20428689002952BA /* TeachersNoteEntity+CoreDataClass.swift */ = {isa = PBXFileReference; lastKnownFileType = sourcecode.swift; path = "TeachersNoteEntity+CoreDataClass.swift"; sourceTree = "<group>"; };
		1715CC5F204288E3002952BA /* CaseEntity+CoreDataClass.swift */ = {isa = PBXFileReference; lastKnownFileType = sourcecode.swift; path = "CaseEntity+CoreDataClass.swift"; sourceTree = "<group>"; };
		1715CC61204288E3002952BA /* OptionEntity+CoreDataClass.swift */ = {isa = PBXFileReference; lastKnownFileType = sourcecode.swift; path = "OptionEntity+CoreDataClass.swift"; sourceTree = "<group>"; };
		1715CC63204288E3002952BA /* QuestionEntity+CoreDataClass.swift */ = {isa = PBXFileReference; lastKnownFileType = sourcecode.swift; path = "QuestionEntity+CoreDataClass.swift"; sourceTree = "<group>"; };
		173C9741202A1FA100C00A38 /* checkQuestionViewController.swift */ = {isa = PBXFileReference; lastKnownFileType = sourcecode.swift; path = checkQuestionViewController.swift; sourceTree = "<group>"; };
		1745DB4D202F4C110027F5B4 /* Spectrum-Bridging-Header.h */ = {isa = PBXFileReference; lastKnownFileType = sourcecode.c.h; path = "Spectrum-Bridging-Header.h"; sourceTree = "<group>"; };
		17717E2A2025401C00CF3B82 /* Spectrum.app */ = {isa = PBXFileReference; explicitFileType = wrapper.application; includeInIndex = 0; path = Spectrum.app; sourceTree = BUILT_PRODUCTS_DIR; };
		17717E2D2025401C00CF3B82 /* AppDelegate.swift */ = {isa = PBXFileReference; lastKnownFileType = sourcecode.swift; path = AppDelegate.swift; sourceTree = "<group>"; };
		17717E2F2025401C00CF3B82 /* ViewController.swift */ = {isa = PBXFileReference; lastKnownFileType = sourcecode.swift; path = ViewController.swift; sourceTree = "<group>"; };
		17717E322025401C00CF3B82 /* Base */ = {isa = PBXFileReference; lastKnownFileType = file.storyboard; name = Base; path = Base.lproj/Main.storyboard; sourceTree = "<group>"; };
		17717E372025401C00CF3B82 /* Assets.xcassets */ = {isa = PBXFileReference; lastKnownFileType = folder.assetcatalog; path = Assets.xcassets; sourceTree = "<group>"; };
		17717E3A2025401C00CF3B82 /* Base */ = {isa = PBXFileReference; lastKnownFileType = file.storyboard; name = Base; path = Base.lproj/LaunchScreen.storyboard; sourceTree = "<group>"; };
		17717E3C2025401C00CF3B82 /* Info.plist */ = {isa = PBXFileReference; lastKnownFileType = text.plist.xml; path = Info.plist; sourceTree = "<group>"; };
		17717E432025406900CF3B82 /* SWRevealViewController.h */ = {isa = PBXFileReference; fileEncoding = 4; lastKnownFileType = sourcecode.c.h; path = SWRevealViewController.h; sourceTree = "<group>"; };
		17717E442025406A00CF3B82 /* SWRevealViewController.m */ = {isa = PBXFileReference; fileEncoding = 4; lastKnownFileType = sourcecode.c.objc; path = SWRevealViewController.m; sourceTree = "<group>"; };
		17717E4E20257A3E00CF3B82 /* myCell.swift */ = {isa = PBXFileReference; lastKnownFileType = sourcecode.swift; path = myCell.swift; sourceTree = "<group>"; };
		177CAAA02029427100B06F46 /* myHeaderView.swift */ = {isa = PBXFileReference; lastKnownFileType = sourcecode.swift; path = myHeaderView.swift; sourceTree = "<group>"; };
		177CAAA22029429700B06F46 /* myHeaderView.xib */ = {isa = PBXFileReference; lastKnownFileType = file.xib; path = myHeaderView.xib; sourceTree = "<group>"; };
		177CAAA4202942BB00B06F46 /* Question.swift */ = {isa = PBXFileReference; lastKnownFileType = sourcecode.swift; path = Question.swift; sourceTree = "<group>"; };
		1792F718202C12F2008176A0 /* DataModel.xcdatamodel */ = {isa = PBXFileReference; lastKnownFileType = wrapper.xcdatamodel; path = DataModel.xcdatamodel; sourceTree = "<group>"; };
		1792F760202C387D008176A0 /* CoreDataService.swift */ = {isa = PBXFileReference; lastKnownFileType = sourcecode.swift; path = CoreDataService.swift; sourceTree = "<group>"; };
		17A4FF7E202CEEEC00EC075A /* myCase.swift */ = {isa = PBXFileReference; lastKnownFileType = sourcecode.swift; path = myCase.swift; sourceTree = "<group>"; };
		17BE1779203B5C16004B6F31 /* checkAnsViewController.swift */ = {isa = PBXFileReference; lastKnownFileType = sourcecode.swift; path = checkAnsViewController.swift; sourceTree = "<group>"; };
		17F176882025C595006FC4E3 /* CaseViewController.swift */ = {isa = PBXFileReference; lastKnownFileType = sourcecode.swift; path = CaseViewController.swift; sourceTree = "<group>"; };
		17F1768A2025C5A8006FC4E3 /* ProgressViewController.swift */ = {isa = PBXFileReference; lastKnownFileType = sourcecode.swift; path = ProgressViewController.swift; sourceTree = "<group>"; };
		17F6BCD62043580D00D18CC2 /* serverController.swift */ = {isa = PBXFileReference; lastKnownFileType = sourcecode.swift; path = serverController.swift; sourceTree = "<group>"; };
		17FFFB16203FE8B400C40983 /* teachersNoteViewController.swift */ = {isa = PBXFileReference; lastKnownFileType = sourcecode.swift; path = teachersNoteViewController.swift; sourceTree = "<group>"; };
		17FFFB18203FF14600C40983 /* descriptionViewController.swift */ = {isa = PBXFileReference; lastKnownFileType = sourcecode.swift; path = descriptionViewController.swift; sourceTree = "<group>"; };
/* End PBXFileReference section */

/* Begin PBXFrameworksBuildPhase section */
		17717E272025401C00CF3B82 /* Frameworks */ = {
			isa = PBXFrameworksBuildPhase;
			buildActionMask = 2147483647;
			files = (
			);
			runOnlyForDeploymentPostprocessing = 0;
		};
/* End PBXFrameworksBuildPhase section */

/* Begin PBXGroup section */
		1715CC0720406393002952BA /* Classes */ = {
			isa = PBXGroup;
			children = (
				177CAAA4202942BB00B06F46 /* Question.swift */,
				17A4FF7E202CEEEC00EC075A /* myCase.swift */,
			);
			path = Classes;
			sourceTree = "<group>";
		};
		1715CC5720422C89002952BA /* Core Data Management */ = {
			isa = PBXGroup;
			children = (
				1792F760202C387D008176A0 /* CoreDataService.swift */,
				1715CC5820422CAC002952BA /* CoreDataController.swift */,
			);
			path = "Core Data Management";
			sourceTree = "<group>";
		};
		1715CC5A204275FE002952BA /* View Controllers */ = {
			isa = PBXGroup;
			children = (
				17F1768A2025C5A8006FC4E3 /* ProgressViewController.swift */,
				17717E2F2025401C00CF3B82 /* ViewController.swift */,
				17FFFB18203FF14600C40983 /* descriptionViewController.swift */,
				17FFFB16203FE8B400C40983 /* teachersNoteViewController.swift */,
				17BE1779203B5C16004B6F31 /* checkAnsViewController.swift */,
				173C9741202A1FA100C00A38 /* checkQuestionViewController.swift */,
				17087C692025D90B001B1CC6 /* theCaseViewController.swift */,
				17F176882025C595006FC4E3 /* CaseViewController.swift */,
				17717E432025406900CF3B82 /* SWRevealViewController.h */,
				17717E442025406A00CF3B82 /* SWRevealViewController.m */,
			);
			path = "View Controllers";
			sourceTree = "<group>";
		};
		17717E212025401C00CF3B82 = {
			isa = PBXGroup;
			children = (
				17717E2C2025401C00CF3B82 /* Spectrum */,
			);
			sourceTree = "<group>";
		};
		17717E2B2025401C00CF3B82 /* Products */ = {
			isa = PBXGroup;
			children = (
				17717E2A2025401C00CF3B82 /* Spectrum.app */,
			);
			name = Products;
			path = ..;
			sourceTree = "<group>";
		};
		17717E2C2025401C00CF3B82 /* Spectrum */ = {
			isa = PBXGroup;
			children = (
				17F6BCD52043577200D18CC2 /* Server Connection */,
				1715CC5A204275FE002952BA /* View Controllers */,
				1715CC5720422C89002952BA /* Core Data Management */,
				17717E2B2025401C00CF3B82 /* Products */,
				1715CC0720406393002952BA /* Classes */,
				1792F75F202C31C3008176A0 /* coreData */,
				177CAA9F2029423A00B06F46 /* customHeaderView */,
				1799FFE0203F1D7600B407D1 /* videos */,
				17717E372025401C00CF3B82 /* Assets.xcassets */,
				17717E312025401C00CF3B82 /* Main.storyboard */,
				17717E392025401C00CF3B82 /* LaunchScreen.storyboard */,
				17717E4E20257A3E00CF3B82 /* myCell.swift */,
				17717E2D2025401C00CF3B82 /* AppDelegate.swift */,
				17717E3C2025401C00CF3B82 /* Info.plist */,
				1745DB4D202F4C110027F5B4 /* Spectrum-Bridging-Header.h */,
			);
			path = Spectrum;
			sourceTree = "<group>";
		};
		177CAA9F2029423A00B06F46 /* customHeaderView */ = {
			isa = PBXGroup;
			children = (
				177CAAA02029427100B06F46 /* myHeaderView.swift */,
				177CAAA22029429700B06F46 /* myHeaderView.xib */,
			);
			path = customHeaderView;
			sourceTree = "<group>";
		};
		1792F75F202C31C3008176A0 /* coreData */ = {
			isa = PBXGroup;
			children = (
				1715CC5F204288E3002952BA /* CaseEntity+CoreDataClass.swift */,
				1715CC61204288E3002952BA /* OptionEntity+CoreDataClass.swift */,
				1715CC63204288E3002952BA /* QuestionEntity+CoreDataClass.swift */,
				1715CC5B20428689002952BA /* TeachersNoteEntity+CoreDataClass.swift */,
				1792F717202C12F2008176A0 /* DataModel.xcdatamodeld */,
			);
			path = coreData;
			sourceTree = "<group>";
		};
		1799FFE0203F1D7600B407D1 /* videos */ = {
			isa = PBXGroup;
			children = (
			);
			path = videos;
			sourceTree = "<group>";
		};
		17F6BCD52043577200D18CC2 /* Server Connection */ = {
			isa = PBXGroup;
			children = (
				17F6BCD62043580D00D18CC2 /* serverController.swift */,
			);
			path = "Server Connection";
			sourceTree = "<group>";
		};
/* End PBXGroup section */

/* Begin PBXNativeTarget section */
		17717E292025401C00CF3B82 /* Spectrum */ = {
			isa = PBXNativeTarget;
			buildConfigurationList = 17717E3F2025401C00CF3B82 /* Build configuration list for PBXNativeTarget "Spectrum" */;
			buildPhases = (
				17717E262025401C00CF3B82 /* Sources */,
				17717E272025401C00CF3B82 /* Frameworks */,
				17717E282025401C00CF3B82 /* Resources */,
			);
			buildRules = (
			);
			dependencies = (
			);
			name = Spectrum;
			productName = Spectrum;
			productReference = 17717E2A2025401C00CF3B82 /* Spectrum.app */;
			productType = "com.apple.product-type.application";
		};
/* End PBXNativeTarget section */

/* Begin PBXProject section */
		17717E222025401C00CF3B82 /* Project object */ = {
			isa = PBXProject;
			attributes = {
				LastSwiftUpdateCheck = 0920;
				LastUpgradeCheck = 0920;
				ORGANIZATIONNAME = "Boning Liang";
				TargetAttributes = {
					17717E292025401C00CF3B82 = {
						CreatedOnToolsVersion = 9.2;
						LastSwiftMigration = 0920;
						ProvisioningStyle = Automatic;
					};
				};
			};
			buildConfigurationList = 17717E252025401C00CF3B82 /* Build configuration list for PBXProject "Spectrum" */;
			compatibilityVersion = "Xcode 8.0";
			developmentRegion = en;
			hasScannedForEncodings = 0;
			knownRegions = (
				en,
				Base,
			);
			mainGroup = 17717E212025401C00CF3B82;
			productRefGroup = 17717E2B2025401C00CF3B82 /* Products */;
			projectDirPath = "";
			projectRoot = "";
			targets = (
				17717E292025401C00CF3B82 /* Spectrum */,
			);
		};
/* End PBXProject section */

/* Begin PBXResourcesBuildPhase section */
		17717E282025401C00CF3B82 /* Resources */ = {
			isa = PBXResourcesBuildPhase;
			buildActionMask = 2147483647;
			files = (
				17717E3B2025401C00CF3B82 /* LaunchScreen.storyboard in Resources */,
				17717E382025401C00CF3B82 /* Assets.xcassets in Resources */,
				177CAAA32029429700B06F46 /* myHeaderView.xib in Resources */,
				17717E332025401C00CF3B82 /* Main.storyboard in Resources */,
			);
			runOnlyForDeploymentPostprocessing = 0;
		};
/* End PBXResourcesBuildPhase section */

/* Begin PBXSourcesBuildPhase section */
		17717E262025401C00CF3B82 /* Sources */ = {
			isa = PBXSourcesBuildPhase;
			buildActionMask = 2147483647;
			files = (
				1715CC3220410150002952BA /* Question.swift in Sources */,
				1715CC69204288E3002952BA /* QuestionEntity+CoreDataClass.swift in Sources */,
				1715CC3320410150002952BA /* myCase.swift in Sources */,
				1715CC5D20428689002952BA /* TeachersNoteEntity+CoreDataClass.swift in Sources */,
				1715CC3D20410151002952BA /* DataModel.xcdatamodeld in Sources */,
				1715CC3E20410151002952BA /* myHeaderView.swift in Sources */,
				1715CC3F20410151002952BA /* myHeaderView.xib in Sources */,
				1715CC5920422CAC002952BA /* CoreDataController.swift in Sources */,
				1715CC4720410151002952BA /* Assets.xcassets in Sources */,
				1715CC4820410151002952BA /* myCell.swift in Sources */,
				17F6BCD72043580D00D18CC2 /* serverController.swift in Sources */,
				1715CC4920410151002952BA /* AppDelegate.swift in Sources */,
				1715CC4A20410151002952BA /* ViewController.swift in Sources */,
				1715CC4B20410151002952BA /* descriptionViewController.swift in Sources */,
				1715CC4C20410151002952BA /* teachersNoteViewController.swift in Sources */,
				1715CC4D20410151002952BA /* checkAnsViewController.swift in Sources */,
				1715CC4E20410151002952BA /* checkQuestionViewController.swift in Sources */,
				1715CC4F20410151002952BA /* theCaseViewController.swift in Sources */,
				1715CC5020410151002952BA /* CaseViewController.swift in Sources */,
				1715CC5120410151002952BA /* CoreDataService.swift in Sources */,
				1715CC5220410151002952BA /* Info.plist in Sources */,
				1715CC5320410151002952BA /* SWRevealViewController.h in Sources */,
				1715CC5420410151002952BA /* SWRevealViewController.m in Sources */,
				1715CC67204288E3002952BA /* OptionEntity+CoreDataClass.swift in Sources */,
				1715CC5520410151002952BA /* Spectrum-Bridging-Header.h in Sources */,
				1715CC65204288E3002952BA /* CaseEntity+CoreDataClass.swift in Sources */,
				1715CC5620410151002952BA /* ProgressViewController.swift in Sources */,
			);
			runOnlyForDeploymentPostprocessing = 0;
		};
/* End PBXSourcesBuildPhase section */

/* Begin PBXVariantGroup section */
		17717E312025401C00CF3B82 /* Main.storyboard */ = {
			isa = PBXVariantGroup;
			children = (
				17717E322025401C00CF3B82 /* Base */,
			);
			name = Main.storyboard;
			sourceTree = "<group>";
		};
		17717E392025401C00CF3B82 /* LaunchScreen.storyboard */ = {
			isa = PBXVariantGroup;
			children = (
				17717E3A2025401C00CF3B82 /* Base */,
			);
			name = LaunchScreen.storyboard;
			sourceTree = "<group>";
		};
/* End PBXVariantGroup section */

/* Begin XCBuildConfiguration section */
		17717E3D2025401C00CF3B82 /* Debug */ = {
			isa = XCBuildConfiguration;
			buildSettings = {
				ALWAYS_SEARCH_USER_PATHS = NO;
				CLANG_ANALYZER_NONNULL = YES;
				CLANG_ANALYZER_NUMBER_OBJECT_CONVERSION = YES_AGGRESSIVE;
				CLANG_CXX_LANGUAGE_STANDARD = "gnu++14";
				CLANG_CXX_LIBRARY = "libc++";
				CLANG_ENABLE_MODULES = YES;
				CLANG_ENABLE_OBJC_ARC = YES;
				CLANG_WARN_BLOCK_CAPTURE_AUTORELEASING = YES;
				CLANG_WARN_BOOL_CONVERSION = YES;
				CLANG_WARN_COMMA = YES;
				CLANG_WARN_CONSTANT_CONVERSION = YES;
				CLANG_WARN_DIRECT_OBJC_ISA_USAGE = YES_ERROR;
				CLANG_WARN_DOCUMENTATION_COMMENTS = YES;
				CLANG_WARN_EMPTY_BODY = YES;
				CLANG_WARN_ENUM_CONVERSION = YES;
				CLANG_WARN_INFINITE_RECURSION = YES;
				CLANG_WARN_INT_CONVERSION = YES;
				CLANG_WARN_NON_LITERAL_NULL_CONVERSION = YES;
				CLANG_WARN_OBJC_LITERAL_CONVERSION = YES;
				CLANG_WARN_OBJC_ROOT_CLASS = YES_ERROR;
				CLANG_WARN_RANGE_LOOP_ANALYSIS = YES;
				CLANG_WARN_STRICT_PROTOTYPES = YES;
				CLANG_WARN_SUSPICIOUS_MOVE = YES;
				CLANG_WARN_UNGUARDED_AVAILABILITY = YES_AGGRESSIVE;
				CLANG_WARN_UNREACHABLE_CODE = YES;
				CLANG_WARN__DUPLICATE_METHOD_MATCH = YES;
				CODE_SIGN_IDENTITY = "iPhone Developer";
				COPY_PHASE_STRIP = NO;
				DEBUG_INFORMATION_FORMAT = dwarf;
				ENABLE_STRICT_OBJC_MSGSEND = YES;
				ENABLE_TESTABILITY = YES;
				GCC_C_LANGUAGE_STANDARD = gnu11;
				GCC_DYNAMIC_NO_PIC = NO;
				GCC_NO_COMMON_BLOCKS = YES;
				GCC_OPTIMIZATION_LEVEL = 0;
				GCC_PREPROCESSOR_DEFINITIONS = (
					"DEBUG=1",
					"$(inherited)",
				);
				GCC_WARN_64_TO_32_BIT_CONVERSION = YES;
				GCC_WARN_ABOUT_RETURN_TYPE = YES_ERROR;
				GCC_WARN_UNDECLARED_SELECTOR = YES;
				GCC_WARN_UNINITIALIZED_AUTOS = YES_AGGRESSIVE;
				GCC_WARN_UNUSED_FUNCTION = YES;
				GCC_WARN_UNUSED_VARIABLE = YES;
				IPHONEOS_DEPLOYMENT_TARGET = 11.2;
				MTL_ENABLE_DEBUG_INFO = YES;
				ONLY_ACTIVE_ARCH = YES;
				SDKROOT = iphoneos;
				SWIFT_ACTIVE_COMPILATION_CONDITIONS = DEBUG;
				SWIFT_OPTIMIZATION_LEVEL = "-Onone";
			};
			name = Debug;
		};
		17717E3E2025401C00CF3B82 /* Release */ = {
			isa = XCBuildConfiguration;
			buildSettings = {
				ALWAYS_SEARCH_USER_PATHS = NO;
				CLANG_ANALYZER_NONNULL = YES;
				CLANG_ANALYZER_NUMBER_OBJECT_CONVERSION = YES_AGGRESSIVE;
				CLANG_CXX_LANGUAGE_STANDARD = "gnu++14";
				CLANG_CXX_LIBRARY = "libc++";
				CLANG_ENABLE_MODULES = YES;
				CLANG_ENABLE_OBJC_ARC = YES;
				CLANG_WARN_BLOCK_CAPTURE_AUTORELEASING = YES;
				CLANG_WARN_BOOL_CONVERSION = YES;
				CLANG_WARN_COMMA = YES;
				CLANG_WARN_CONSTANT_CONVERSION = YES;
				CLANG_WARN_DIRECT_OBJC_ISA_USAGE = YES_ERROR;
				CLANG_WARN_DOCUMENTATION_COMMENTS = YES;
				CLANG_WARN_EMPTY_BODY = YES;
				CLANG_WARN_ENUM_CONVERSION = YES;
				CLANG_WARN_INFINITE_RECURSION = YES;
				CLANG_WARN_INT_CONVERSION = YES;
				CLANG_WARN_NON_LITERAL_NULL_CONVERSION = YES;
				CLANG_WARN_OBJC_LITERAL_CONVERSION = YES;
				CLANG_WARN_OBJC_ROOT_CLASS = YES_ERROR;
				CLANG_WARN_RANGE_LOOP_ANALYSIS = YES;
				CLANG_WARN_STRICT_PROTOTYPES = YES;
				CLANG_WARN_SUSPICIOUS_MOVE = YES;
				CLANG_WARN_UNGUARDED_AVAILABILITY = YES_AGGRESSIVE;
				CLANG_WARN_UNREACHABLE_CODE = YES;
				CLANG_WARN__DUPLICATE_METHOD_MATCH = YES;
				CODE_SIGN_IDENTITY = "iPhone Developer";
				COPY_PHASE_STRIP = NO;
				DEBUG_INFORMATION_FORMAT = "dwarf-with-dsym";
				ENABLE_NS_ASSERTIONS = NO;
				ENABLE_STRICT_OBJC_MSGSEND = YES;
				GCC_C_LANGUAGE_STANDARD = gnu11;
				GCC_NO_COMMON_BLOCKS = YES;
				GCC_WARN_64_TO_32_BIT_CONVERSION = YES;
				GCC_WARN_ABOUT_RETURN_TYPE = YES_ERROR;
				GCC_WARN_UNDECLARED_SELECTOR = YES;
				GCC_WARN_UNINITIALIZED_AUTOS = YES_AGGRESSIVE;
				GCC_WARN_UNUSED_FUNCTION = YES;
				GCC_WARN_UNUSED_VARIABLE = YES;
				IPHONEOS_DEPLOYMENT_TARGET = 11.2;
				MTL_ENABLE_DEBUG_INFO = NO;
				SDKROOT = iphoneos;
				SWIFT_OPTIMIZATION_LEVEL = "-Owholemodule";
				VALIDATE_PRODUCT = YES;
			};
			name = Release;
		};
		17717E402025401C00CF3B82 /* Debug */ = {
			isa = XCBuildConfiguration;
			buildSettings = {
				ASSETCATALOG_COMPILER_APPICON_NAME = AppIcon;
				CLANG_ENABLE_MODULES = YES;
				CODE_SIGN_STYLE = Automatic;
				DEVELOPMENT_TEAM = J2A5PD76DX;
				INFOPLIST_FILE = Spectrum/Info.plist;
				LD_RUNPATH_SEARCH_PATHS = "$(inherited) @executable_path/Frameworks";
				PRODUCT_BUNDLE_IDENTIFIER = boningliang.Spectrum;
				PRODUCT_NAME = "$(TARGET_NAME)";
				SWIFT_OBJC_BRIDGING_HEADER = "Spectrum/Spectrum-Bridging-Header.h";
				SWIFT_OPTIMIZATION_LEVEL = "-Onone";
				SWIFT_VERSION = 4.0;
				TARGETED_DEVICE_FAMILY = "1,2";
			};
			name = Debug;
		};
		17717E412025401C00CF3B82 /* Release */ = {
			isa = XCBuildConfiguration;
			buildSettings = {
				ASSETCATALOG_COMPILER_APPICON_NAME = AppIcon;
				CLANG_ENABLE_MODULES = YES;
				CODE_SIGN_STYLE = Automatic;
				DEVELOPMENT_TEAM = J2A5PD76DX;
				INFOPLIST_FILE = Spectrum/Info.plist;
				LD_RUNPATH_SEARCH_PATHS = "$(inherited) @executable_path/Frameworks";
				PRODUCT_BUNDLE_IDENTIFIER = boningliang.Spectrum;
				PRODUCT_NAME = "$(TARGET_NAME)";
				SWIFT_OBJC_BRIDGING_HEADER = "Spectrum/Spectrum-Bridging-Header.h";
				SWIFT_VERSION = 4.0;
				TARGETED_DEVICE_FAMILY = "1,2";
			};
			name = Release;
		};
/* End XCBuildConfiguration section */

/* Begin XCConfigurationList section */
		17717E252025401C00CF3B82 /* Build configuration list for PBXProject "Spectrum" */ = {
			isa = XCConfigurationList;
			buildConfigurations = (
				17717E3D2025401C00CF3B82 /* Debug */,
				17717E3E2025401C00CF3B82 /* Release */,
			);
			defaultConfigurationIsVisible = 0;
			defaultConfigurationName = Release;
		};
		17717E3F2025401C00CF3B82 /* Build configuration list for PBXNativeTarget "Spectrum" */ = {
			isa = XCConfigurationList;
			buildConfigurations = (
				17717E402025401C00CF3B82 /* Debug */,
				17717E412025401C00CF3B82 /* Release */,
			);
			defaultConfigurationIsVisible = 0;
			defaultConfigurationName = Release;
		};
/* End XCConfigurationList section */

/* Begin XCVersionGroup section */
		1792F717202C12F2008176A0 /* DataModel.xcdatamodeld */ = {
			isa = XCVersionGroup;
			children = (
				1792F718202C12F2008176A0 /* DataModel.xcdatamodel */,
			);
			currentVersion = 1792F718202C12F2008176A0 /* DataModel.xcdatamodel */;
			path = DataModel.xcdatamodeld;
			sourceTree = "<group>";
			versionGroupType = wrapper.xcdatamodel;
		};
/* End XCVersionGroup section */
	};
	rootObject = 17717E222025401C00CF3B82 /* Project object */;
}
